
Microsoft Visual Studio Solution File, Format Version 12.00
# Visual Studio Version 17
VisualStudioVersion = 17.9.34622.214
MinimumVisualStudioVersion = 10.0.40219.1
Project("{2150E333-8FDC-42A3-9474-1A3956D46DE8}") = "Samples", "Samples", "{BC898B89-B227-4A10-BE2C-0CD0ADE7FEC3}"
EndProject
Project("{2150E333-8FDC-42A3-9474-1A3956D46DE8}") = "Solutions", "Solutions", "{880F40E3-73D6-4066-9481-ABE5A79DF8F3}"
EndProject
Project("{9A19103F-16F7-4668-BE54-9A1E7A4F7556}") = "RangeSample", "RangeSample\RangeSample.csproj", "{2BB69E8D-6859-461E-A2D6-979E1E53A038}"
EndProject
Project("{2150E333-8FDC-42A3-9474-1A3956D46DE8}") = "01 Inversions", "01 Inversions", "{E6EFDE8A-2598-4DE2-B760-C7640867CD23}"
EndProject
Project("{2150E333-8FDC-42A3-9474-1A3956D46DE8}") = "02 Convertisseurs de secondes", "02 Convertisseurs de secondes", "{85907314-AE72-4418-B26C-C66CFD75A1D9}"
EndProject
Project("{2150E333-8FDC-42A3-9474-1A3956D46DE8}") = "03 Calcule de l'âge", "03 Calcule de l'âge", "{BFEE6B7A-486F-4812-A603-B3FBDB0D2CC8}"
EndProject
Project("{2150E333-8FDC-42A3-9474-1A3956D46DE8}") = "04 Conversions Parse-TryParse", "04 Conversions Parse-TryParse", "{5913CC71-A9ED-4C5F-9DDA-753288228211}"
EndProject
Project("{2150E333-8FDC-42A3-9474-1A3956D46DE8}") = "05 Année Bisextile", "05 Année Bisextile", "{03706D14-E324-49E7-B265-F780B70737F1}"
EndProject
Project("{9A19103F-16F7-4668-BE54-9A1E7A4F7556}") = "LeapYear", "LeapYear\LeapYear.csproj", "{CC373414-DF58-4CBD-A14B-22E801A88908}"
EndProject
Project("{2150E333-8FDC-42A3-9474-1A3956D46DE8}") = "06 Vérification du compte banquaire", "06 Vérification du compte banquaire", "{B0B3232D-312B-4538-BC53-0628964471C0}"
EndProject
Project("{2150E333-8FDC-42A3-9474-1A3956D46DE8}") = "07 BBAN To IBAN", "07 BBAN To IBAN", "{BE3D6497-E1D6-4737-BBAA-FC92096541F4}"
EndProject
Project("{9A19103F-16F7-4668-BE54-9A1E7A4F7556}") = "BbanAccountValidator", "BbanAccountValidator\BbanAccountValidator.csproj", "{3D86752F-FD8F-4780-B7E8-AA7B70C75AA2}"
EndProject
Project("{9A19103F-16F7-4668-BE54-9A1E7A4F7556}") = "BbanToIban", "BbanToIban\BbanToIban.csproj", "{BF85770D-B49D-4C30-8703-D6B03E576A1B}"
EndProject
Project("{2150E333-8FDC-42A3-9474-1A3956D46DE8}") = "08 Fibonnaci", "08 Fibonnaci", "{D028FDE1-34CB-4490-B884-899BB6CCFFA4}"
EndProject
Project("{9A19103F-16F7-4668-BE54-9A1E7A4F7556}") = "Fibonacci", "Fibonacci\Fibonacci.csproj", "{646FDAA2-CA01-4950-AB09-4149F52B359E}"
EndProject
Project("{2150E333-8FDC-42A3-9474-1A3956D46DE8}") = "09 Factorielle", "09 Factorielle", "{3656CA72-0C48-41DC-ABBA-60515494AE87}"
EndProject
Project("{9A19103F-16F7-4668-BE54-9A1E7A4F7556}") = "Factorielle", "Factorielle\Factorielle.csproj", "{D482F91D-E00F-4E10-94A6-46F21328DAFC}"
EndProject
Project("{2150E333-8FDC-42A3-9474-1A3956D46DE8}") = "10 X Premiers nombres premier", "10 X Premiers nombres premier", "{6BE4B25D-0242-4682-AE2F-AC299DCDBEAC}"
	ProjectSection(SolutionItems) = preProject
		XFirstPrimes\Program.cs = XFirstPrimes\Program.cs
	EndProjectSection
EndProject
Project("{9A19103F-16F7-4668-BE54-9A1E7A4F7556}") = "XFirstPrimes", "XFirstPrimes\XFirstPrimes.csproj", "{842E53BE-448D-4E37-966C-8B3F137D00EE}"
EndProject
Project("{2150E333-8FDC-42A3-9474-1A3956D46DE8}") = "11 Table de multiplications", "11 Table de multiplications", "{131E1A32-EFA6-45AC-89FA-5A28B55B2116}"
EndProject
Project("{9A19103F-16F7-4668-BE54-9A1E7A4F7556}") = "Tables", "Tables\Tables.csproj", "{4981F352-CF97-47AD-A6C6-ED0102C3D3B5}"
EndProject
Project("{2150E333-8FDC-42A3-9474-1A3956D46DE8}") = "12 Problème des doubles", "12 Problème des doubles", "{EBD7CCDB-4C08-47E1-A7CD-251B34D034B0}"
EndProject
Project("{9A19103F-16F7-4668-BE54-9A1E7A4F7556}") = "LoopIncrementByZeroDotOne", "LoopIncrementByZeroDotOne\LoopIncrementByZeroDotOne.csproj", "{0FD08D8C-EC12-486C-8BD6-AFBDC708F7C4}"
EndProject
Project("{2150E333-8FDC-42A3-9474-1A3956D46DE8}") = "13 Racine carée", "13 Racine carée", "{B7264943-774C-4D47-B645-37F363876111}"
EndProject
Project("{9A19103F-16F7-4668-BE54-9A1E7A4F7556}") = "SquareNewtonMethod", "SquareNewtonMethod\SquareNewtonMethod.csproj", "{116CF9A5-F3A4-47A3-8BE4-83333E143591}"
EndProject
Project("{2150E333-8FDC-42A3-9474-1A3956D46DE8}") = "14 Premiers inféreur à X", "14 Premiers inféreur à X", "{73719B42-03E0-4AA4-9162-9AC19BD8F16D}"
EndProject
Project("{2150E333-8FDC-42A3-9474-1A3956D46DE8}") = "15 X Premiers nombres premier optimisée", "15 X Premiers nombres premier optimisée", "{D2C14754-C4F5-419D-B309-278876F645D2}"
EndProject
Project("{2150E333-8FDC-42A3-9474-1A3956D46DE8}") = "16 Addition", "16 Addition", "{689C972D-E6FA-40BE-99A5-3392C3138E4D}"
EndProject
Project("{2150E333-8FDC-42A3-9474-1A3956D46DE8}") = "17 Tri", "17 Tri", "{88DA1614-E2CE-489C-899C-4777B0B9AE87}"
EndProject
Project("{FAE04EC0-301F-11D3-BF4B-00C04F79EFBC}") = "PrimesLowerThanX", "PrimesLowerThanX\PrimesLowerThanX.csproj", "{810382FA-5ADD-4674-9A66-A77AAC76BEA3}"
EndProject
Project("{FAE04EC0-301F-11D3-BF4B-00C04F79EFBC}") = "XFirstPrimeOptimized", "XFirstPrimeOptimized\XFirstPrimeOptimized.csproj", "{E7894E61-07A6-4002-983A-DF900994C425}"
EndProject
Project("{FAE04EC0-301F-11D3-BF4B-00C04F79EFBC}") = "Addition", "Addition\Addition.csproj", "{06DB0A23-3F52-4884-A120-5D2BFFF81BD2}"
EndProject
Project("{FAE04EC0-301F-11D3-BF4B-00C04F79EFBC}") = "Tri", "Tri\Tri.csproj", "{2BE5ADC2-4981-46C2-99B8-7A44A208C0F3}"
EndProject
Global
	GlobalSection(SolutionConfigurationPlatforms) = preSolution
		Debug|Any CPU = Debug|Any CPU
		Release|Any CPU = Release|Any CPU
	EndGlobalSection
	GlobalSection(ProjectConfigurationPlatforms) = postSolution
		{2BB69E8D-6859-461E-A2D6-979E1E53A038}.Debug|Any CPU.ActiveCfg = Debug|Any CPU
		{2BB69E8D-6859-461E-A2D6-979E1E53A038}.Debug|Any CPU.Build.0 = Debug|Any CPU
		{2BB69E8D-6859-461E-A2D6-979E1E53A038}.Release|Any CPU.ActiveCfg = Release|Any CPU
		{2BB69E8D-6859-461E-A2D6-979E1E53A038}.Release|Any CPU.Build.0 = Release|Any CPU
		{CC373414-DF58-4CBD-A14B-22E801A88908}.Debug|Any CPU.ActiveCfg = Debug|Any CPU
		{CC373414-DF58-4CBD-A14B-22E801A88908}.Debug|Any CPU.Build.0 = Debug|Any CPU
		{CC373414-DF58-4CBD-A14B-22E801A88908}.Release|Any CPU.ActiveCfg = Release|Any CPU
		{CC373414-DF58-4CBD-A14B-22E801A88908}.Release|Any CPU.Build.0 = Release|Any CPU
		{3D86752F-FD8F-4780-B7E8-AA7B70C75AA2}.Debug|Any CPU.ActiveCfg = Debug|Any CPU
		{3D86752F-FD8F-4780-B7E8-AA7B70C75AA2}.Debug|Any CPU.Build.0 = Debug|Any CPU
		{3D86752F-FD8F-4780-B7E8-AA7B70C75AA2}.Release|Any CPU.ActiveCfg = Release|Any CPU
		{3D86752F-FD8F-4780-B7E8-AA7B70C75AA2}.Release|Any CPU.Build.0 = Release|Any CPU
		{BF85770D-B49D-4C30-8703-D6B03E576A1B}.Debug|Any CPU.ActiveCfg = Debug|Any CPU
		{BF85770D-B49D-4C30-8703-D6B03E576A1B}.Debug|Any CPU.Build.0 = Debug|Any CPU
		{BF85770D-B49D-4C30-8703-D6B03E576A1B}.Release|Any CPU.ActiveCfg = Release|Any CPU
		{BF85770D-B49D-4C30-8703-D6B03E576A1B}.Release|Any CPU.Build.0 = Release|Any CPU
		{646FDAA2-CA01-4950-AB09-4149F52B359E}.Debug|Any CPU.ActiveCfg = Debug|Any CPU
		{646FDAA2-CA01-4950-AB09-4149F52B359E}.Debug|Any CPU.Build.0 = Debug|Any CPU
		{646FDAA2-CA01-4950-AB09-4149F52B359E}.Release|Any CPU.ActiveCfg = Release|Any CPU
		{646FDAA2-CA01-4950-AB09-4149F52B359E}.Release|Any CPU.Build.0 = Release|Any CPU
		{D482F91D-E00F-4E10-94A6-46F21328DAFC}.Debug|Any CPU.ActiveCfg = Debug|Any CPU
		{D482F91D-E00F-4E10-94A6-46F21328DAFC}.Debug|Any CPU.Build.0 = Debug|Any CPU
		{D482F91D-E00F-4E10-94A6-46F21328DAFC}.Release|Any CPU.ActiveCfg = Release|Any CPU
		{D482F91D-E00F-4E10-94A6-46F21328DAFC}.Release|Any CPU.Build.0 = Release|Any CPU
		{842E53BE-448D-4E37-966C-8B3F137D00EE}.Debug|Any CPU.ActiveCfg = Debug|Any CPU
		{842E53BE-448D-4E37-966C-8B3F137D00EE}.Debug|Any CPU.Build.0 = Debug|Any CPU
		{842E53BE-448D-4E37-966C-8B3F137D00EE}.Release|Any CPU.ActiveCfg = Release|Any CPU
		{842E53BE-448D-4E37-966C-8B3F137D00EE}.Release|Any CPU.Build.0 = Release|Any CPU
		{4981F352-CF97-47AD-A6C6-ED0102C3D3B5}.Debug|Any CPU.ActiveCfg = Debug|Any CPU
		{4981F352-CF97-47AD-A6C6-ED0102C3D3B5}.Debug|Any CPU.Build.0 = Debug|Any CPU
		{4981F352-CF97-47AD-A6C6-ED0102C3D3B5}.Release|Any CPU.ActiveCfg = Release|Any CPU
		{4981F352-CF97-47AD-A6C6-ED0102C3D3B5}.Release|Any CPU.Build.0 = Release|Any CPU
		{0FD08D8C-EC12-486C-8BD6-AFBDC708F7C4}.Debug|Any CPU.ActiveCfg = Debug|Any CPU
		{0FD08D8C-EC12-486C-8BD6-AFBDC708F7C4}.Debug|Any CPU.Build.0 = Debug|Any CPU
		{0FD08D8C-EC12-486C-8BD6-AFBDC708F7C4}.Release|Any CPU.ActiveCfg = Release|Any CPU
		{0FD08D8C-EC12-486C-8BD6-AFBDC708F7C4}.Release|Any CPU.Build.0 = Release|Any CPU
		{116CF9A5-F3A4-47A3-8BE4-83333E143591}.Debug|Any CPU.ActiveCfg = Debug|Any CPU
		{116CF9A5-F3A4-47A3-8BE4-83333E143591}.Debug|Any CPU.Build.0 = Debug|Any CPU
		{116CF9A5-F3A4-47A3-8BE4-83333E143591}.Release|Any CPU.ActiveCfg = Release|Any CPU
		{116CF9A5-F3A4-47A3-8BE4-83333E143591}.Release|Any CPU.Build.0 = Release|Any CPU
		{810382FA-5ADD-4674-9A66-A77AAC76BEA3}.Debug|Any CPU.ActiveCfg = Debug|Any CPU
		{810382FA-5ADD-4674-9A66-A77AAC76BEA3}.Debug|Any CPU.Build.0 = Debug|Any CPU
		{810382FA-5ADD-4674-9A66-A77AAC76BEA3}.Release|Any CPU.ActiveCfg = Release|Any CPU
		{810382FA-5ADD-4674-9A66-A77AAC76BEA3}.Release|Any CPU.Build.0 = Release|Any CPU
		{E7894E61-07A6-4002-983A-DF900994C425}.Debug|Any CPU.ActiveCfg = Debug|Any CPU
		{E7894E61-07A6-4002-983A-DF900994C425}.Debug|Any CPU.Build.0 = Debug|Any CPU
		{E7894E61-07A6-4002-983A-DF900994C425}.Release|Any CPU.ActiveCfg = Release|Any CPU
		{E7894E61-07A6-4002-983A-DF900994C425}.Release|Any CPU.Build.0 = Release|Any CPU
		{06DB0A23-3F52-4884-A120-5D2BFFF81BD2}.Debug|Any CPU.ActiveCfg = Debug|Any CPU
		{06DB0A23-3F52-4884-A120-5D2BFFF81BD2}.Debug|Any CPU.Build.0 = Debug|Any CPU
		{06DB0A23-3F52-4884-A120-5D2BFFF81BD2}.Release|Any CPU.ActiveCfg = Release|Any CPU
		{06DB0A23-3F52-4884-A120-5D2BFFF81BD2}.Release|Any CPU.Build.0 = Release|Any CPU
		{2BE5ADC2-4981-46C2-99B8-7A44A208C0F3}.Debug|Any CPU.ActiveCfg = Debug|Any CPU
		{2BE5ADC2-4981-46C2-99B8-7A44A208C0F3}.Debug|Any CPU.Build.0 = Debug|Any CPU
		{2BE5ADC2-4981-46C2-99B8-7A44A208C0F3}.Release|Any CPU.ActiveCfg = Release|Any CPU
		{2BE5ADC2-4981-46C2-99B8-7A44A208C0F3}.Release|Any CPU.Build.0 = Release|Any CPU
	EndGlobalSection
	GlobalSection(SolutionProperties) = preSolution
		HideSolutionNode = FALSE
	EndGlobalSection
	GlobalSection(NestedProjects) = preSolution
		{2BB69E8D-6859-461E-A2D6-979E1E53A038} = {BC898B89-B227-4A10-BE2C-0CD0ADE7FEC3}
		{E6EFDE8A-2598-4DE2-B760-C7640867CD23} = {880F40E3-73D6-4066-9481-ABE5A79DF8F3}
		{85907314-AE72-4418-B26C-C66CFD75A1D9} = {880F40E3-73D6-4066-9481-ABE5A79DF8F3}
		{BFEE6B7A-486F-4812-A603-B3FBDB0D2CC8} = {880F40E3-73D6-4066-9481-ABE5A79DF8F3}
		{5913CC71-A9ED-4C5F-9DDA-753288228211} = {880F40E3-73D6-4066-9481-ABE5A79DF8F3}
		{03706D14-E324-49E7-B265-F780B70737F1} = {880F40E3-73D6-4066-9481-ABE5A79DF8F3}
		{CC373414-DF58-4CBD-A14B-22E801A88908} = {03706D14-E324-49E7-B265-F780B70737F1}
		{B0B3232D-312B-4538-BC53-0628964471C0} = {880F40E3-73D6-4066-9481-ABE5A79DF8F3}
		{BE3D6497-E1D6-4737-BBAA-FC92096541F4} = {880F40E3-73D6-4066-9481-ABE5A79DF8F3}
		{3D86752F-FD8F-4780-B7E8-AA7B70C75AA2} = {B0B3232D-312B-4538-BC53-0628964471C0}
		{BF85770D-B49D-4C30-8703-D6B03E576A1B} = {BE3D6497-E1D6-4737-BBAA-FC92096541F4}
		{D028FDE1-34CB-4490-B884-899BB6CCFFA4} = {880F40E3-73D6-4066-9481-ABE5A79DF8F3}
		{646FDAA2-CA01-4950-AB09-4149F52B359E} = {D028FDE1-34CB-4490-B884-899BB6CCFFA4}
		{3656CA72-0C48-41DC-ABBA-60515494AE87} = {880F40E3-73D6-4066-9481-ABE5A79DF8F3}
		{D482F91D-E00F-4E10-94A6-46F21328DAFC} = {3656CA72-0C48-41DC-ABBA-60515494AE87}
		{6BE4B25D-0242-4682-AE2F-AC299DCDBEAC} = {880F40E3-73D6-4066-9481-ABE5A79DF8F3}
		{842E53BE-448D-4E37-966C-8B3F137D00EE} = {6BE4B25D-0242-4682-AE2F-AC299DCDBEAC}
		{131E1A32-EFA6-45AC-89FA-5A28B55B2116} = {880F40E3-73D6-4066-9481-ABE5A79DF8F3}
		{4981F352-CF97-47AD-A6C6-ED0102C3D3B5} = {131E1A32-EFA6-45AC-89FA-5A28B55B2116}
		{EBD7CCDB-4C08-47E1-A7CD-251B34D034B0} = {880F40E3-73D6-4066-9481-ABE5A79DF8F3}
		{0FD08D8C-EC12-486C-8BD6-AFBDC708F7C4} = {EBD7CCDB-4C08-47E1-A7CD-251B34D034B0}
		{B7264943-774C-4D47-B645-37F363876111} = {880F40E3-73D6-4066-9481-ABE5A79DF8F3}
		{116CF9A5-F3A4-47A3-8BE4-83333E143591} = {B7264943-774C-4D47-B645-37F363876111}
		{73719B42-03E0-4AA4-9162-9AC19BD8F16D} = {880F40E3-73D6-4066-9481-ABE5A79DF8F3}
		{D2C14754-C4F5-419D-B309-278876F645D2} = {880F40E3-73D6-4066-9481-ABE5A79DF8F3}
		{689C972D-E6FA-40BE-99A5-3392C3138E4D} = {880F40E3-73D6-4066-9481-ABE5A79DF8F3}
		{88DA1614-E2CE-489C-899C-4777B0B9AE87} = {880F40E3-73D6-4066-9481-ABE5A79DF8F3}
		{810382FA-5ADD-4674-9A66-A77AAC76BEA3} = {73719B42-03E0-4AA4-9162-9AC19BD8F16D}
		{E7894E61-07A6-4002-983A-DF900994C425} = {D2C14754-C4F5-419D-B309-278876F645D2}
		{06DB0A23-3F52-4884-A120-5D2BFFF81BD2} = {689C972D-E6FA-40BE-99A5-3392C3138E4D}
		{2BE5ADC2-4981-46C2-99B8-7A44A208C0F3} = {88DA1614-E2CE-489C-899C-4777B0B9AE87}
	EndGlobalSection
	GlobalSection(ExtensibilityGlobals) = postSolution
		SolutionGuid = {7225090A-1AC4-4513-B0B3-571E901F073C}
	EndGlobalSection
EndGlobal
